github.com/marcotheo/justarouter v1.0.2 h1:iagcikZpofXX91Pr21dFXw6FBF1caT4IZFkMnCcRqYk=
github.com/marcotheo/justarouter v1.0.2/go.mod h1:aZ4SBwetsObJaxPJ/+Quh8AG8uFEaAWjKw5k5XpqQhw=
github.com/marcotheo/justarouter v1.0.3 h1:TSO2y0Zb4KmNV4+RiosP/OwnFgrmraVzQdHA91h2AEY=
github.com/marcotheo/justarouter v1.0.3/go.mod h1:aZ4SBwetsObJaxPJ/+Quh8AG8uFEaAWjKw5k5XpqQhw=
